
Microsoft Visual Studio Solution File, Format Version 12.00
# Visual Studio Version 16
VisualStudioVersion = 16.0.31729.503
MinimumVisualStudioVersion = 10.0.40219.1
Project("{8BC9CEB8-8B4A-11D0-8D11-00A0C91BC942}") = "chast2", "chast2\chast2.vcxproj", "{7898C698-B64F-4E91-813D-B7AA48CD6A7D}"
EndProject
Project("{8BC9CEB8-8B4A-11D0-8D11-00A0C91BC942}") = "chast1", "chast1\shast1.vcxproj", "{A8220C53-DEB6-48A6-A82C-6949676B708D}"
EndProject
Project("{8BC9CEB8-8B4A-11D0-8D11-00A0C91BC942}") = "chast3", "chast3\chast3.vcxproj", "{5798860C-94A3-4CF3-B039-8C31FA49F033}"
EndProject
Project("{8BC9CEB8-8B4A-11D0-8D11-00A0C91BC942}") = "chast4", "chast4\chast4.vcxproj", "{0444C50C-939A-46F3-BB67-0F4FAD5EE30C}"
EndProject
Project("{8BC9CEB8-8B4A-11D0-8D11-00A0C91BC942}") = "chast5", "chast5\chast5.vcxproj", "{C57CF155-F9CF-49E0-B24E-0D49D243A2DF}"
EndProject
Project("{8BC9CEB8-8B4A-11D0-8D11-00A0C91BC942}") = "chast6", "chast6\chast6.vcxproj", "{39706B2A-4FC9-43B5-9F0B-C1EE1BE3E4AE}"
EndProject
Project("{8BC9CEB8-8B4A-11D0-8D11-00A0C91BC942}") = "final", "final\final.vcxproj", "{30244405-2BB0-468B-A0D7-052269AB9467}"
EndProject
Global
	GlobalSection(SolutionConfigurationPlatforms) = preSolution
		Debug|x64 = Debug|x64
		Debug|x86 = Debug|x86
		Release|x64 = Release|x64
		Release|x86 = Release|x86
	EndGlobalSection
	GlobalSection(ProjectConfigurationPlatforms) = postSolution
		{7898C698-B64F-4E91-813D-B7AA48CD6A7D}.Debug|x64.ActiveCfg = Debug|x64
		{7898C698-B64F-4E91-813D-B7AA48CD6A7D}.Debug|x64.Build.0 = Debug|x64
		{7898C698-B64F-4E91-813D-B7AA48CD6A7D}.Debug|x86.ActiveCfg = Debug|Win32
		{7898C698-B64F-4E91-813D-B7AA48CD6A7D}.Debug|x86.Build.0 = Debug|Win32
		{7898C698-B64F-4E91-813D-B7AA48CD6A7D}.Release|x64.ActiveCfg = Release|x64
		{7898C698-B64F-4E91-813D-B7AA48CD6A7D}.Release|x64.Build.0 = Release|x64
		{7898C698-B64F-4E91-813D-B7AA48CD6A7D}.Release|x86.ActiveCfg = Release|Win32
		{7898C698-B64F-4E91-813D-B7AA48CD6A7D}.Release|x86.Build.0 = Release|Win32
		{A8220C53-DEB6-48A6-A82C-6949676B708D}.Debug|x64.ActiveCfg = Debug|x64
		{A8220C53-DEB6-48A6-A82C-6949676B708D}.Debug|x64.Build.0 = Debug|x64
		{A8220C53-DEB6-48A6-A82C-6949676B708D}.Debug|x86.ActiveCfg = Debug|Win32
		{A8220C53-DEB6-48A6-A82C-6949676B708D}.Debug|x86.Build.0 = Debug|Win32
		{A8220C53-DEB6-48A6-A82C-6949676B708D}.Release|x64.ActiveCfg = Release|x64
		{A8220C53-DEB6-48A6-A82C-6949676B708D}.Release|x64.Build.0 = Release|x64
		{A8220C53-DEB6-48A6-A82C-6949676B708D}.Release|x86.ActiveCfg = Release|Win32
		{A8220C53-DEB6-48A6-A82C-6949676B708D}.Release|x86.Build.0 = Release|Win32
		{5798860C-94A3-4CF3-B039-8C31FA49F033}.Debug|x64.ActiveCfg = Debug|x64
		{5798860C-94A3-4CF3-B039-8C31FA49F033}.Debug|x64.Build.0 = Debug|x64
		{5798860C-94A3-4CF3-B039-8C31FA49F033}.Debug|x86.ActiveCfg = Debug|Win32
		{5798860C-94A3-4CF3-B039-8C31FA49F033}.Debug|x86.Build.0 = Debug|Win32
		{5798860C-94A3-4CF3-B039-8C31FA49F033}.Release|x64.ActiveCfg = Release|x64
		{5798860C-94A3-4CF3-B039-8C31FA49F033}.Release|x64.Build.0 = Release|x64
		{5798860C-94A3-4CF3-B039-8C31FA49F033}.Release|x86.ActiveCfg = Release|Win32
		{5798860C-94A3-4CF3-B039-8C31FA49F033}.Release|x86.Build.0 = Release|Win32
		{0444C50C-939A-46F3-BB67-0F4FAD5EE30C}.Debug|x64.ActiveCfg = Debug|x64
		{0444C50C-939A-46F3-BB67-0F4FAD5EE30C}.Debug|x64.Build.0 = Debug|x64
		{0444C50C-939A-46F3-BB67-0F4FAD5EE30C}.Debug|x86.ActiveCfg = Debug|Win32
		{0444C50C-939A-46F3-BB67-0F4FAD5EE30C}.Debug|x86.Build.0 = Debug|Win32
		{0444C50C-939A-46F3-BB67-0F4FAD5EE30C}.Release|x64.ActiveCfg = Release|x64
		{0444C50C-939A-46F3-BB67-0F4FAD5EE30C}.Release|x64.Build.0 = Release|x64
		{0444C50C-939A-46F3-BB67-0F4FAD5EE30C}.Release|x86.ActiveCfg = Release|Win32
		{0444C50C-939A-46F3-BB67-0F4FAD5EE30C}.Release|x86.Build.0 = Release|Win32
		{C57CF155-F9CF-49E0-B24E-0D49D243A2DF}.Debug|x64.ActiveCfg = Debug|x64
		{C57CF155-F9CF-49E0-B24E-0D49D243A2DF}.Debug|x64.Build.0 = Debug|x64
		{C57CF155-F9CF-49E0-B24E-0D49D243A2DF}.Debug|x86.ActiveCfg = Debug|Win32
		{C57CF155-F9CF-49E0-B24E-0D49D243A2DF}.Debug|x86.Build.0 = Debug|Win32
		{C57CF155-F9CF-49E0-B24E-0D49D243A2DF}.Release|x64.ActiveCfg = Release|x64
		{C57CF155-F9CF-49E0-B24E-0D49D243A2DF}.Release|x64.Build.0 = Release|x64
		{C57CF155-F9CF-49E0-B24E-0D49D243A2DF}.Release|x86.ActiveCfg = Release|Win32
		{C57CF155-F9CF-49E0-B24E-0D49D243A2DF}.Release|x86.Build.0 = Release|Win32
		{39706B2A-4FC9-43B5-9F0B-C1EE1BE3E4AE}.Debug|x64.ActiveCfg = Debug|x64
		{39706B2A-4FC9-43B5-9F0B-C1EE1BE3E4AE}.Debug|x64.Build.0 = Debug|x64
		{39706B2A-4FC9-43B5-9F0B-C1EE1BE3E4AE}.Debug|x86.ActiveCfg = Debug|Win32
		{39706B2A-4FC9-43B5-9F0B-C1EE1BE3E4AE}.Debug|x86.Build.0 = Debug|Win32
		{39706B2A-4FC9-43B5-9F0B-C1EE1BE3E4AE}.Release|x64.ActiveCfg = Release|x64
		{39706B2A-4FC9-43B5-9F0B-C1EE1BE3E4AE}.Release|x64.Build.0 = Release|x64
		{39706B2A-4FC9-43B5-9F0B-C1EE1BE3E4AE}.Release|x86.ActiveCfg = Release|Win32
		{39706B2A-4FC9-43B5-9F0B-C1EE1BE3E4AE}.Release|x86.Build.0 = Release|Win32
		{30244405-2BB0-468B-A0D7-052269AB9467}.Debug|x64.ActiveCfg = Debug|x64
		{30244405-2BB0-468B-A0D7-052269AB9467}.Debug|x64.Build.0 = Debug|x64
		{30244405-2BB0-468B-A0D7-052269AB9467}.Debug|x86.ActiveCfg = Debug|Win32
		{30244405-2BB0-468B-A0D7-052269AB9467}.Debug|x86.Build.0 = Debug|Win32
		{30244405-2BB0-468B-A0D7-052269AB9467}.Release|x64.ActiveCfg = Release|x64
		{30244405-2BB0-468B-A0D7-052269AB9467}.Release|x64.Build.0 = Release|x64
		{30244405-2BB0-468B-A0D7-052269AB9467}.Release|x86.ActiveCfg = Release|Win32
		{30244405-2BB0-468B-A0D7-052269AB9467}.Release|x86.Build.0 = Release|Win32
	EndGlobalSection
	GlobalSection(SolutionProperties) = preSolution
		HideSolutionNode = FALSE
	EndGlobalSection
	GlobalSection(ExtensibilityGlobals) = postSolution
		SolutionGuid = {704766A8-ECEC-4A70-9A69-C03268C9A5D4}
	EndGlobalSection
EndGlobal
