
Microsoft Visual Studio Solution File, Format Version 12.00
# Visual Studio Version 16
VisualStudioVersion = 16.0.31702.278
MinimumVisualStudioVersion = 10.0.40219.1
Project("{8BC9CEB8-8B4A-11D0-8D11-00A0C91BC942}") = "chast1", "chast1\chast1.vcxproj", "{904FBE2A-0FED-4715-9AE7-40B1150B400C}"
EndProject
Project("{8BC9CEB8-8B4A-11D0-8D11-00A0C91BC942}") = "chast2", "chast2\chast2.vcxproj", "{EADCADFF-FE27-44EC-90DE-77916B96FE9E}"
EndProject
Project("{8BC9CEB8-8B4A-11D0-8D11-00A0C91BC942}") = "chast3", "chast3\chast3.vcxproj", "{B3577963-A6E0-4747-B997-A56B29D62CBC}"
EndProject
Global
	GlobalSection(SolutionConfigurationPlatforms) = preSolution
		Debug|x64 = Debug|x64
		Debug|x86 = Debug|x86
		Release|x64 = Release|x64
		Release|x86 = Release|x86
	EndGlobalSection
	GlobalSection(ProjectConfigurationPlatforms) = postSolution
		{904FBE2A-0FED-4715-9AE7-40B1150B400C}.Debug|x64.ActiveCfg = Debug|x64
		{904FBE2A-0FED-4715-9AE7-40B1150B400C}.Debug|x64.Build.0 = Debug|x64
		{904FBE2A-0FED-4715-9AE7-40B1150B400C}.Debug|x86.ActiveCfg = Debug|Win32
		{904FBE2A-0FED-4715-9AE7-40B1150B400C}.Debug|x86.Build.0 = Debug|Win32
		{904FBE2A-0FED-4715-9AE7-40B1150B400C}.Release|x64.ActiveCfg = Release|x64
		{904FBE2A-0FED-4715-9AE7-40B1150B400C}.Release|x64.Build.0 = Release|x64
		{904FBE2A-0FED-4715-9AE7-40B1150B400C}.Release|x86.ActiveCfg = Release|Win32
		{904FBE2A-0FED-4715-9AE7-40B1150B400C}.Release|x86.Build.0 = Release|Win32
		{EADCADFF-FE27-44EC-90DE-77916B96FE9E}.Debug|x64.ActiveCfg = Debug|x64
		{EADCADFF-FE27-44EC-90DE-77916B96FE9E}.Debug|x64.Build.0 = Debug|x64
		{EADCADFF-FE27-44EC-90DE-77916B96FE9E}.Debug|x86.ActiveCfg = Debug|Win32
		{EADCADFF-FE27-44EC-90DE-77916B96FE9E}.Debug|x86.Build.0 = Debug|Win32
		{EADCADFF-FE27-44EC-90DE-77916B96FE9E}.Release|x64.ActiveCfg = Release|x64
		{EADCADFF-FE27-44EC-90DE-77916B96FE9E}.Release|x64.Build.0 = Release|x64
		{EADCADFF-FE27-44EC-90DE-77916B96FE9E}.Release|x86.ActiveCfg = Release|Win32
		{EADCADFF-FE27-44EC-90DE-77916B96FE9E}.Release|x86.Build.0 = Release|Win32
		{B3577963-A6E0-4747-B997-A56B29D62CBC}.Debug|x64.ActiveCfg = Debug|x64
		{B3577963-A6E0-4747-B997-A56B29D62CBC}.Debug|x64.Build.0 = Debug|x64
		{B3577963-A6E0-4747-B997-A56B29D62CBC}.Debug|x86.ActiveCfg = Debug|Win32
		{B3577963-A6E0-4747-B997-A56B29D62CBC}.Debug|x86.Build.0 = Debug|Win32
		{B3577963-A6E0-4747-B997-A56B29D62CBC}.Release|x64.ActiveCfg = Release|x64
		{B3577963-A6E0-4747-B997-A56B29D62CBC}.Release|x64.Build.0 = Release|x64
		{B3577963-A6E0-4747-B997-A56B29D62CBC}.Release|x86.ActiveCfg = Release|Win32
		{B3577963-A6E0-4747-B997-A56B29D62CBC}.Release|x86.Build.0 = Release|Win32
	EndGlobalSection
	GlobalSection(SolutionProperties) = preSolution
		HideSolutionNode = FALSE
	EndGlobalSection
	GlobalSection(ExtensibilityGlobals) = postSolution
		SolutionGuid = {E0433C1A-2739-4C15-AE35-4D44A329117D}
	EndGlobalSection
EndGlobal
